
Microsoft Visual Studio Solution File, Format Version 12.00
# Visual Studio 15
VisualStudioVersion = 15.0.27703.2000
MinimumVisualStudioVersion = 10.0.40219.1
Project("{FAE04EC0-301F-11D3-BF4B-00C04F79EFBC}") = "ErnestBlufordLuckyNumbers", "ErnestBlufordLuckyNumbers\ErnestBlufordLuckyNumbers.csproj", "{2387FD92-FF56-445D-A62B-C486443E461A}"
EndProject
Global
	GlobalSection(SolutionConfigurationPlatforms) = preSolution
		Debug|Any CPU = Debug|Any CPU
		Release|Any CPU = Release|Any CPU
	EndGlobalSection
	GlobalSection(ProjectConfigurationPlatforms) = postSolution
		{2387FD92-FF56-445D-A62B-C486443E461A}.Debug|Any CPU.ActiveCfg = Debug|Any CPU
		{2387FD92-FF56-445D-A62B-C486443E461A}.Debug|Any CPU.Build.0 = Debug|Any CPU
		{2387FD92-FF56-445D-A62B-C486443E461A}.Release|Any CPU.ActiveCfg = Release|Any CPU
		{2387FD92-FF56-445D-A62B-C486443E461A}.Release|Any CPU.Build.0 = Release|Any CPU
	EndGlobalSection
	GlobalSection(SolutionProperties) = preSolution
		HideSolutionNode = FALSE
	EndGlobalSection
	GlobalSection(ExtensibilityGlobals) = postSolution
		SolutionGuid = {323A181F-C1EC-4A46-8E7B-0D02A6B24E76}
	EndGlobalSection
EndGlobal
